
Microsoft Visual Studio Solution File, Format Version 12.00
# Visual Studio Version 17
VisualStudioVersion = 17.6.33723.286
MinimumVisualStudioVersion = 10.0.40219.1
Project("{FAE04EC0-301F-11D3-BF4B-00C04F79EFBC}") = "Calculadora", "Calculadora.csproj", "{4CDDE3A7-7AEE-441E-8557-44C834C6B1F7}"
EndProject
Global
	GlobalSection(SolutionConfigurationPlatforms) = preSolution
		Debug|Any CPU = Debug|Any CPU
		Release|Any CPU = Release|Any CPU
	EndGlobalSection
	GlobalSection(ProjectConfigurationPlatforms) = postSolution
		{4CDDE3A7-7AEE-441E-8557-44C834C6B1F7}.Debug|Any CPU.ActiveCfg = Debug|Any CPU
		{4CDDE3A7-7AEE-441E-8557-44C834C6B1F7}.Debug|Any CPU.Build.0 = Debug|Any CPU
		{4CDDE3A7-7AEE-441E-8557-44C834C6B1F7}.Release|Any CPU.ActiveCfg = Release|Any CPU
		{4CDDE3A7-7AEE-441E-8557-44C834C6B1F7}.Release|Any CPU.Build.0 = Release|Any CPU
	EndGlobalSection
	GlobalSection(SolutionProperties) = preSolution
		HideSolutionNode = FALSE
	EndGlobalSection
	GlobalSection(ExtensibilityGlobals) = postSolution
		SolutionGuid = {6336AFEF-25A9-48BC-8A88-4EEFB2CD0CCE}
	EndGlobalSection
EndGlobal
